
Microsoft Visual Studio Solution File, Format Version 12.00
# Visual Studio Version 16
VisualStudioVersion = 16.0.30621.155
MinimumVisualStudioVersion = 10.0.40219.1
Project("{FAE04EC0-301F-11D3-BF4B-00C04F79EFBC}") = "AgacProje", "AgacProje\AgacProje.csproj", "{17FEEE4D-44A9-4E62-A424-978376077D4A}"
EndProject
Global
	GlobalSection(SolutionConfigurationPlatforms) = preSolution
		Debug|Any CPU = Debug|Any CPU
		Release|Any CPU = Release|Any CPU
	EndGlobalSection
	GlobalSection(ProjectConfigurationPlatforms) = postSolution
		{17FEEE4D-44A9-4E62-A424-978376077D4A}.Debug|Any CPU.ActiveCfg = Debug|Any CPU
		{17FEEE4D-44A9-4E62-A424-978376077D4A}.Debug|Any CPU.Build.0 = Debug|Any CPU
		{17FEEE4D-44A9-4E62-A424-978376077D4A}.Release|Any CPU.ActiveCfg = Release|Any CPU
		{17FEEE4D-44A9-4E62-A424-978376077D4A}.Release|Any CPU.Build.0 = Release|Any CPU
	EndGlobalSection
	GlobalSection(SolutionProperties) = preSolution
		HideSolutionNode = FALSE
	EndGlobalSection
	GlobalSection(ExtensibilityGlobals) = postSolution
		SolutionGuid = {308BCB85-FA70-403C-914A-DC69CA355641}
	EndGlobalSection
EndGlobal
